// !$*UTF8*$!
{
	archiveVersion = 1;
	classes = {
	};
	objectVersion = 55;
	objects = {

/* Begin PBXBuildFile section */
		2006CBBE2809865400689AE8 /* photo.png in Resources */ = {isa = PBXBuildFile; fileRef = 2006CBBD2809865400689AE8 /* photo.png */; };
		20435F3F2854CC410018D8E7 /* Student.swift in Sources */ = {isa = PBXBuildFile; fileRef = 20435F3E2854CC410018D8E7 /* Student.swift */; };
		20435F492854E6160018D8E7 /* search-contacts.png in Resources */ = {isa = PBXBuildFile; fileRef = 20435F482854E6160018D8E7 /* search-contacts.png */; };
		20435F4C2854EC3D0018D8E7 /* search-contacts.png in Resources */ = {isa = PBXBuildFile; fileRef = 20435F4B2854EC3D0018D8E7 /* search-contacts.png */; };
		20435F4E2854F4170018D8E7 /* TabBarController.swift in Sources */ = {isa = PBXBuildFile; fileRef = 20435F4D2854F4170018D8E7 /* TabBarController.swift */; };
		20435F512854F59D0018D8E7 /* EvalViewController.swift in Sources */ = {isa = PBXBuildFile; fileRef = 20435F502854F59D0018D8E7 /* EvalViewController.swift */; };
		20435F532854F6970018D8E7 /* EventsViewController.swift in Sources */ = {isa = PBXBuildFile; fileRef = 20435F522854F6970018D8E7 /* EventsViewController.swift */; };
		20435F552854FEE10018D8E7 /* answers.png in Resources */ = {isa = PBXBuildFile; fileRef = 20435F542854FEE10018D8E7 /* answers.png */; };
		20435F58285525BD0018D8E7 /* TableViewCell.swift in Sources */ = {isa = PBXBuildFile; fileRef = 20435F57285525BD0018D8E7 /* TableViewCell.swift */; };
		20435F5A285526610018D8E7 /* Event.swift in Sources */ = {isa = PBXBuildFile; fileRef = 20435F59285526610018D8E7 /* Event.swift */; };
		20C7EF7B28318F6D00578AE6 /* SearchPresenter.swift in Sources */ = {isa = PBXBuildFile; fileRef = 20C7EF7A28318F6D00578AE6 /* SearchPresenter.swift */; };
		20C7EF882831903B00578AE6 /* SearchRouter.swift in Sources */ = {isa = PBXBuildFile; fileRef = 20C7EF872831903B00578AE6 /* SearchRouter.swift */; };
		20C7EF8A2831905000578AE6 /* SearchRouterProtocols.swift in Sources */ = {isa = PBXBuildFile; fileRef = 20C7EF892831905000578AE6 /* SearchRouterProtocols.swift */; };
		20C7EF8C2831907300578AE6 /* SearchInteractor.swift in Sources */ = {isa = PBXBuildFile; fileRef = 20C7EF8B2831907300578AE6 /* SearchInteractor.swift */; };
		20C7EF8E2831908400578AE6 /* SearchInteractorProtocols.swift in Sources */ = {isa = PBXBuildFile; fileRef = 20C7EF8D2831908400578AE6 /* SearchInteractorProtocols.swift */; };
		20C7EF90283190A900578AE6 /* SearchBuilder.swift in Sources */ = {isa = PBXBuildFile; fileRef = 20C7EF8F283190A900578AE6 /* SearchBuilder.swift */; };
		20C7EF92283190BB00578AE6 /* SearchBuilderProtocols.swift in Sources */ = {isa = PBXBuildFile; fileRef = 20C7EF91283190BB00578AE6 /* SearchBuilderProtocols.swift */; };
		20C7EF94283190DF00578AE6 /* SearchViewProtocols.swift in Sources */ = {isa = PBXBuildFile; fileRef = 20C7EF93283190DF00578AE6 /* SearchViewProtocols.swift */; };
		20C7EF9D283196A700578AE6 /* ProfileRouterProtocols.swift in Sources */ = {isa = PBXBuildFile; fileRef = 20C7EF9C283196A700578AE6 /* ProfileRouterProtocols.swift */; };
		20C7EF9F283196B600578AE6 /* ProfileRouter.swift in Sources */ = {isa = PBXBuildFile; fileRef = 20C7EF9E283196B600578AE6 /* ProfileRouter.swift */; };
		20C7EFA1283196D700578AE6 /* ProfileInteractorProtocols.swift in Sources */ = {isa = PBXBuildFile; fileRef = 20C7EFA0283196D700578AE6 /* ProfileInteractorProtocols.swift */; };
		20C7EFA3283196E400578AE6 /* ProfileInteractor.swift in Sources */ = {isa = PBXBuildFile; fileRef = 20C7EFA2283196E400578AE6 /* ProfileInteractor.swift */; };
		20C7EFA5283196F500578AE6 /* ProfileBuilderProtocols.swift in Sources */ = {isa = PBXBuildFile; fileRef = 20C7EFA4283196F500578AE6 /* ProfileBuilderProtocols.swift */; };
		20C7EFA72831970200578AE6 /* ProfileBuilder.swift in Sources */ = {isa = PBXBuildFile; fileRef = 20C7EFA62831970200578AE6 /* ProfileBuilder.swift */; };
		20C7EFA92831971400578AE6 /* ProfileViewProtocols.swift in Sources */ = {isa = PBXBuildFile; fileRef = 20C7EFA82831971400578AE6 /* ProfileViewProtocols.swift */; };
		20C7EFAB2831972800578AE6 /* ProfileViewController.swift in Sources */ = {isa = PBXBuildFile; fileRef = 20C7EFAA2831972800578AE6 /* ProfileViewController.swift */; };
		20C7EFAD2831973400578AE6 /* ProfilePresenter.swift in Sources */ = {isa = PBXBuildFile; fileRef = 20C7EFAC2831973400578AE6 /* ProfilePresenter.swift */; };
		20C7EFB02832B1F300578AE6 /* OAuth2 in Frameworks */ = {isa = PBXBuildFile; productRef = 20C7EFAF2832B1F300578AE6 /* OAuth2 */; };
		20C7EFC02833CC0F00578AE6 /* NetworkRequest.swift in Sources */ = {isa = PBXBuildFile; fileRef = 20C7EFBF2833CC0F00578AE6 /* NetworkRequest.swift */; };
		20C7EFC22833D27E00578AE6 /* NetworkServiceProtocol.swift in Sources */ = {isa = PBXBuildFile; fileRef = 20C7EFC12833D27E00578AE6 /* NetworkServiceProtocol.swift */; };
		20C7EFC42833D28A00578AE6 /* NetworkService.swift in Sources */ = {isa = PBXBuildFile; fileRef = 20C7EFC32833D28A00578AE6 /* NetworkService.swift */; };
		20CE9BEC2838321000AF6766 /* UIColor+Extension.swift in Sources */ = {isa = PBXBuildFile; fileRef = 20CE9BEB2838321000AF6766 /* UIColor+Extension.swift */; };
		4846B1368A0000EDB428C5D9 /* Pods_swifty_companion.framework in Frameworks */ = {isa = PBXBuildFile; fileRef = 3301E5BCC6D07447507C6920 /* Pods_swifty_companion.framework */; };
		4C42C2E927443BD800BC6592 /* AppDelegate.swift in Sources */ = {isa = PBXBuildFile; fileRef = 4C42C2E827443BD800BC6592 /* AppDelegate.swift */; };
		4C42C2EB27443BD900BC6592 /* SceneDelegate.swift in Sources */ = {isa = PBXBuildFile; fileRef = 4C42C2EA27443BD900BC6592 /* SceneDelegate.swift */; };
		4C42C2ED27443BD900BC6592 /* SearchViewController.swift in Sources */ = {isa = PBXBuildFile; fileRef = 4C42C2EC27443BD900BC6592 /* SearchViewController.swift */; };
		4C42C2F227443BDC00BC6592 /* Assets.xcassets in Resources */ = {isa = PBXBuildFile; fileRef = 4C42C2F127443BDC00BC6592 /* Assets.xcassets */; };
		4CA28100274586D00067A6E7 /* background.jpeg in Resources */ = {isa = PBXBuildFile; fileRef = 4CA280FF274586D00067A6E7 /* background.jpeg */; };
		4CA2810227458A140067A6E7 /* sign_in.png in Resources */ = {isa = PBXBuildFile; fileRef = 4CA2810127458A140067A6E7 /* sign_in.png */; };
		4CA2810427458E150067A6E7 /* intra_font.otf in Resources */ = {isa = PBXBuildFile; fileRef = 4CA2810327458E150067A6E7 /* intra_font.otf */; };
		4CA2810627458EDC0067A6E7 /* intra_logo.png in Resources */ = {isa = PBXBuildFile; fileRef = 4CA2810527458EDC0067A6E7 /* intra_logo.png */; };
/* End PBXBuildFile section */

/* Begin PBXFileReference section */
		2006CBBD2809865400689AE8 /* photo.png */ = {isa = PBXFileReference; lastKnownFileType = image.png; path = photo.png; sourceTree = "<group>"; };
		20435F3E2854CC410018D8E7 /* Student.swift */ = {isa = PBXFileReference; lastKnownFileType = sourcecode.swift; path = Student.swift; sourceTree = "<group>"; };
		20435F482854E6160018D8E7 /* search-contacts.png */ = {isa = PBXFileReference; lastKnownFileType = image.png; name = "search-contacts.png"; path = "../../../../../search-contacts.png"; sourceTree = "<group>"; };
		20435F4B2854EC3D0018D8E7 /* search-contacts.png */ = {isa = PBXFileReference; lastKnownFileType = image.png; name = "search-contacts.png"; path = "../../../../search-contacts.png"; sourceTree = "<group>"; };
		20435F4D2854F4170018D8E7 /* TabBarController.swift */ = {isa = PBXFileReference; lastKnownFileType = sourcecode.swift; path = TabBarController.swift; sourceTree = "<group>"; };
		20435F502854F59D0018D8E7 /* EvalViewController.swift */ = {isa = PBXFileReference; lastKnownFileType = sourcecode.swift; path = EvalViewController.swift; sourceTree = "<group>"; };
		20435F522854F6970018D8E7 /* EventsViewController.swift */ = {isa = PBXFileReference; lastKnownFileType = sourcecode.swift; path = EventsViewController.swift; sourceTree = "<group>"; };
		20435F542854FEE10018D8E7 /* answers.png */ = {isa = PBXFileReference; lastKnownFileType = image.png; name = answers.png; path = ../../../answers.png; sourceTree = "<group>"; };
		20435F57285525BD0018D8E7 /* TableViewCell.swift */ = {isa = PBXFileReference; lastKnownFileType = sourcecode.swift; path = TableViewCell.swift; sourceTree = "<group>"; };
		20435F59285526610018D8E7 /* Event.swift */ = {isa = PBXFileReference; lastKnownFileType = sourcecode.swift; path = Event.swift; sourceTree = "<group>"; };
		20C7EF7A28318F6D00578AE6 /* SearchPresenter.swift */ = {isa = PBXFileReference; lastKnownFileType = sourcecode.swift; path = SearchPresenter.swift; sourceTree = "<group>"; };
		20C7EF872831903B00578AE6 /* SearchRouter.swift */ = {isa = PBXFileReference; lastKnownFileType = sourcecode.swift; path = SearchRouter.swift; sourceTree = "<group>"; };
		20C7EF892831905000578AE6 /* SearchRouterProtocols.swift */ = {isa = PBXFileReference; lastKnownFileType = sourcecode.swift; path = SearchRouterProtocols.swift; sourceTree = "<group>"; };
		20C7EF8B2831907300578AE6 /* SearchInteractor.swift */ = {isa = PBXFileReference; lastKnownFileType = sourcecode.swift; path = SearchInteractor.swift; sourceTree = "<group>"; };
		20C7EF8D2831908400578AE6 /* SearchInteractorProtocols.swift */ = {isa = PBXFileReference; lastKnownFileType = sourcecode.swift; path = SearchInteractorProtocols.swift; sourceTree = "<group>"; };
		20C7EF8F283190A900578AE6 /* SearchBuilder.swift */ = {isa = PBXFileReference; lastKnownFileType = sourcecode.swift; path = SearchBuilder.swift; sourceTree = "<group>"; };
		20C7EF91283190BB00578AE6 /* SearchBuilderProtocols.swift */ = {isa = PBXFileReference; lastKnownFileType = sourcecode.swift; path = SearchBuilderProtocols.swift; sourceTree = "<group>"; };
		20C7EF93283190DF00578AE6 /* SearchViewProtocols.swift */ = {isa = PBXFileReference; lastKnownFileType = sourcecode.swift; path = SearchViewProtocols.swift; sourceTree = "<group>"; };
		20C7EF9C283196A700578AE6 /* ProfileRouterProtocols.swift */ = {isa = PBXFileReference; lastKnownFileType = sourcecode.swift; path = ProfileRouterProtocols.swift; sourceTree = "<group>"; };
		20C7EF9E283196B600578AE6 /* ProfileRouter.swift */ = {isa = PBXFileReference; lastKnownFileType = sourcecode.swift; path = ProfileRouter.swift; sourceTree = "<group>"; };
		20C7EFA0283196D700578AE6 /* ProfileInteractorProtocols.swift */ = {isa = PBXFileReference; lastKnownFileType = sourcecode.swift; path = ProfileInteractorProtocols.swift; sourceTree = "<group>"; };
		20C7EFA2283196E400578AE6 /* ProfileInteractor.swift */ = {isa = PBXFileReference; lastKnownFileType = sourcecode.swift; path = ProfileInteractor.swift; sourceTree = "<group>"; };
		20C7EFA4283196F500578AE6 /* ProfileBuilderProtocols.swift */ = {isa = PBXFileReference; lastKnownFileType = sourcecode.swift; path = ProfileBuilderProtocols.swift; sourceTree = "<group>"; };
		20C7EFA62831970200578AE6 /* ProfileBuilder.swift */ = {isa = PBXFileReference; lastKnownFileType = sourcecode.swift; path = ProfileBuilder.swift; sourceTree = "<group>"; };
		20C7EFA82831971400578AE6 /* ProfileViewProtocols.swift */ = {isa = PBXFileReference; lastKnownFileType = sourcecode.swift; path = ProfileViewProtocols.swift; sourceTree = "<group>"; };
		20C7EFAA2831972800578AE6 /* ProfileViewController.swift */ = {isa = PBXFileReference; lastKnownFileType = sourcecode.swift; path = ProfileViewController.swift; sourceTree = "<group>"; };
		20C7EFAC2831973400578AE6 /* ProfilePresenter.swift */ = {isa = PBXFileReference; lastKnownFileType = sourcecode.swift; path = ProfilePresenter.swift; sourceTree = "<group>"; };
		20C7EFBF2833CC0F00578AE6 /* NetworkRequest.swift */ = {isa = PBXFileReference; lastKnownFileType = sourcecode.swift; path = NetworkRequest.swift; sourceTree = "<group>"; };
		20C7EFC12833D27E00578AE6 /* NetworkServiceProtocol.swift */ = {isa = PBXFileReference; lastKnownFileType = sourcecode.swift; path = NetworkServiceProtocol.swift; sourceTree = "<group>"; };
		20C7EFC32833D28A00578AE6 /* NetworkService.swift */ = {isa = PBXFileReference; lastKnownFileType = sourcecode.swift; path = NetworkService.swift; sourceTree = "<group>"; };
		20CE9BEB2838321000AF6766 /* UIColor+Extension.swift */ = {isa = PBXFileReference; lastKnownFileType = sourcecode.swift; path = "UIColor+Extension.swift"; sourceTree = "<group>"; };
		3301E5BCC6D07447507C6920 /* Pods_swifty_companion.framework */ = {isa = PBXFileReference; explicitFileType = wrapper.framework; includeInIndex = 0; path = Pods_swifty_companion.framework; sourceTree = BUILT_PRODUCTS_DIR; };
		4C42C2E527443BD800BC6592 /* swifty-companion.app */ = {isa = PBXFileReference; explicitFileType = wrapper.application; includeInIndex = 0; path = "swifty-companion.app"; sourceTree = BUILT_PRODUCTS_DIR; };
		4C42C2E827443BD800BC6592 /* AppDelegate.swift */ = {isa = PBXFileReference; lastKnownFileType = sourcecode.swift; path = AppDelegate.swift; sourceTree = "<group>"; };
		4C42C2EA27443BD900BC6592 /* SceneDelegate.swift */ = {isa = PBXFileReference; lastKnownFileType = sourcecode.swift; path = SceneDelegate.swift; sourceTree = "<group>"; };
		4C42C2EC27443BD900BC6592 /* SearchViewController.swift */ = {isa = PBXFileReference; lastKnownFileType = sourcecode.swift; path = SearchViewController.swift; sourceTree = "<group>"; };
		4C42C2F127443BDC00BC6592 /* Assets.xcassets */ = {isa = PBXFileReference; lastKnownFileType = folder.assetcatalog; path = Assets.xcassets; sourceTree = "<group>"; };
		4C42C2F627443BDC00BC6592 /* Info.plist */ = {isa = PBXFileReference; lastKnownFileType = text.plist.xml; path = Info.plist; sourceTree = "<group>"; };
		4CA280FF274586D00067A6E7 /* background.jpeg */ = {isa = PBXFileReference; lastKnownFileType = image.jpeg; path = background.jpeg; sourceTree = "<group>"; };
		4CA2810127458A140067A6E7 /* sign_in.png */ = {isa = PBXFileReference; lastKnownFileType = image.png; path = sign_in.png; sourceTree = "<group>"; };
		4CA2810327458E150067A6E7 /* intra_font.otf */ = {isa = PBXFileReference; lastKnownFileType = file; path = intra_font.otf; sourceTree = "<group>"; };
		4CA2810527458EDC0067A6E7 /* intra_logo.png */ = {isa = PBXFileReference; lastKnownFileType = image.png; path = intra_logo.png; sourceTree = "<group>"; };
		60CB17F679ACA97181BA5CCE /* Pods-swifty-companion.release.xcconfig */ = {isa = PBXFileReference; includeInIndex = 1; lastKnownFileType = text.xcconfig; name = "Pods-swifty-companion.release.xcconfig"; path = "Target Support Files/Pods-swifty-companion/Pods-swifty-companion.release.xcconfig"; sourceTree = "<group>"; };
		EC31A933447D82860A89552D /* Pods-swifty-companion.debug.xcconfig */ = {isa = PBXFileReference; includeInIndex = 1; lastKnownFileType = text.xcconfig; name = "Pods-swifty-companion.debug.xcconfig"; path = "Target Support Files/Pods-swifty-companion/Pods-swifty-companion.debug.xcconfig"; sourceTree = "<group>"; };
/* End PBXFileReference section */

/* Begin PBXFrameworksBuildPhase section */
		4C42C2E227443BD800BC6592 /* Frameworks */ = {
			isa = PBXFrameworksBuildPhase;
			buildActionMask = 2147483647;
			files = (
				20C7EFB02832B1F300578AE6 /* OAuth2 in Frameworks */,
				4846B1368A0000EDB428C5D9 /* Pods_swifty_companion.framework in Frameworks */,
			);
			runOnlyForDeploymentPostprocessing = 0;
		};
/* End PBXFrameworksBuildPhase section */

/* Begin PBXGroup section */
		20435F4A2854EC330018D8E7 /* Resources */ = {
			isa = PBXGroup;
			children = (
				20435F4B2854EC3D0018D8E7 /* search-contacts.png */,
			);
			path = Resources;
			sourceTree = "<group>";
		};
		20435F4F2854F5780018D8E7 /* Views */ = {
			isa = PBXGroup;
			children = (
				20435F4D2854F4170018D8E7 /* TabBarController.swift */,
				20435F502854F59D0018D8E7 /* EvalViewController.swift */,
				20435F522854F6970018D8E7 /* EventsViewController.swift */,
				20435F57285525BD0018D8E7 /* TableViewCell.swift */,
			);
			path = Views;
			sourceTree = "<group>";
		};
		20C7EF7828318F1F00578AE6 /* Search */ = {
			isa = PBXGroup;
			children = (
				20C7EF8128318FC000578AE6 /* Resources */,
				20C7EF8028318FB900578AE6 /* Sources */,
			);
			path = Search;
			sourceTree = "<group>";
		};
		20C7EF7928318F2E00578AE6 /* Profile */ = {
			isa = PBXGroup;
			children = (
				20C7EF962831964400578AE6 /* Resources */,
				20C7EF952831963D00578AE6 /* Sources */,
			);
			path = Profile;
			sourceTree = "<group>";
		};
		20C7EF8028318FB900578AE6 /* Sources */ = {
			isa = PBXGroup;
			children = (
				20C7EF8228318FDF00578AE6 /* Presenter */,
				20C7EF8628318FFC00578AE6 /* View */,
				20C7EF8428318FF100578AE6 /* Builder */,
				20C7EF8328318FE500578AE6 /* Interactor */,
				20C7EF8528318FF700578AE6 /* Router */,
			);
			path = Sources;
			sourceTree = "<group>";
		};
		20C7EF8128318FC000578AE6 /* Resources */ = {
			isa = PBXGroup;
			children = (
				20435F482854E6160018D8E7 /* search-contacts.png */,
				4CA280FF274586D00067A6E7 /* background.jpeg */,
				4CA2810527458EDC0067A6E7 /* intra_logo.png */,
			);
			path = Resources;
			sourceTree = "<group>";
		};
		20C7EF8228318FDF00578AE6 /* Presenter */ = {
			isa = PBXGroup;
			children = (
				20C7EF7A28318F6D00578AE6 /* SearchPresenter.swift */,
			);
			path = Presenter;
			sourceTree = "<group>";
		};
		20C7EF8328318FE500578AE6 /* Interactor */ = {
			isa = PBXGroup;
			children = (
				20C7EF8B2831907300578AE6 /* SearchInteractor.swift */,
				20C7EF8D2831908400578AE6 /* SearchInteractorProtocols.swift */,
			);
			path = Interactor;
			sourceTree = "<group>";
		};
		20C7EF8428318FF100578AE6 /* Builder */ = {
			isa = PBXGroup;
			children = (
				20C7EF8F283190A900578AE6 /* SearchBuilder.swift */,
				20C7EF91283190BB00578AE6 /* SearchBuilderProtocols.swift */,
			);
			path = Builder;
			sourceTree = "<group>";
		};
		20C7EF8528318FF700578AE6 /* Router */ = {
			isa = PBXGroup;
			children = (
				20C7EF872831903B00578AE6 /* SearchRouter.swift */,
				20C7EF892831905000578AE6 /* SearchRouterProtocols.swift */,
			);
			path = Router;
			sourceTree = "<group>";
		};
		20C7EF8628318FFC00578AE6 /* View */ = {
			isa = PBXGroup;
			children = (
				4C42C2EC27443BD900BC6592 /* SearchViewController.swift */,
				20C7EF93283190DF00578AE6 /* SearchViewProtocols.swift */,
			);
			path = View;
			sourceTree = "<group>";
		};
		20C7EF952831963D00578AE6 /* Sources */ = {
			isa = PBXGroup;
			children = (
				20C7EF9B2831968800578AE6 /* Presenter */,
				20C7EF9A2831967F00578AE6 /* View */,
				20C7EF992831967900578AE6 /* Builder */,
				20C7EF982831967100578AE6 /* Interactor */,
				20C7EF972831966900578AE6 /* Router */,
			);
			path = Sources;
			sourceTree = "<group>";
		};
		20C7EF962831964400578AE6 /* Resources */ = {
			isa = PBXGroup;
			children = (
			);
			path = Resources;
			sourceTree = "<group>";
		};
		20C7EF972831966900578AE6 /* Router */ = {
			isa = PBXGroup;
			children = (
				20C7EF9E283196B600578AE6 /* ProfileRouter.swift */,
				20C7EF9C283196A700578AE6 /* ProfileRouterProtocols.swift */,
			);
			path = Router;
			sourceTree = "<group>";
		};
		20C7EF982831967100578AE6 /* Interactor */ = {
			isa = PBXGroup;
			children = (
				20C7EFA2283196E400578AE6 /* ProfileInteractor.swift */,
				20C7EFA0283196D700578AE6 /* ProfileInteractorProtocols.swift */,
			);
			path = Interactor;
			sourceTree = "<group>";
		};
		20C7EF992831967900578AE6 /* Builder */ = {
			isa = PBXGroup;
			children = (
				20C7EFA62831970200578AE6 /* ProfileBuilder.swift */,
				20C7EFA4283196F500578AE6 /* ProfileBuilderProtocols.swift */,
			);
			path = Builder;
			sourceTree = "<group>";
		};
		20C7EF9A2831967F00578AE6 /* View */ = {
			isa = PBXGroup;
			children = (
				20C7EFAA2831972800578AE6 /* ProfileViewController.swift */,
				20C7EFA82831971400578AE6 /* ProfileViewProtocols.swift */,
			);
			path = View;
			sourceTree = "<group>";
		};
		20C7EF9B2831968800578AE6 /* Presenter */ = {
			isa = PBXGroup;
			children = (
				20C7EFAC2831973400578AE6 /* ProfilePresenter.swift */,
			);
			path = Presenter;
			sourceTree = "<group>";
		};
		20C7EFBE2833CBEC00578AE6 /* NetworkService */ = {
			isa = PBXGroup;
			children = (
				20C7EFC62833EBEC00578AE6 /* Sources */,
				20C7EFBF2833CC0F00578AE6 /* NetworkRequest.swift */,
				20C7EFC12833D27E00578AE6 /* NetworkServiceProtocol.swift */,
				20C7EFC32833D28A00578AE6 /* NetworkService.swift */,
			);
			path = NetworkService;
			sourceTree = "<group>";
		};
		20C7EFC52833EBDB00578AE6 /* Entity */ = {
			isa = PBXGroup;
			children = (
				20435F3E2854CC410018D8E7 /* Student.swift */,
				20435F59285526610018D8E7 /* Event.swift */,
			);
			path = Entity;
			sourceTree = "<group>";
		};
		20C7EFC62833EBEC00578AE6 /* Sources */ = {
			isa = PBXGroup;
			children = (
			);
			path = Sources;
			sourceTree = "<group>";
		};
		4C42C2DC27443BD800BC6592 = {
			isa = PBXGroup;
			children = (
				4C42C2E727443BD800BC6592 /* swifty-companion */,
				4C42C2E627443BD800BC6592 /* Products */,
				BED6DF4B3FAC56D9957376EE /* Pods */,
				516A63C22CC584266B7AB546 /* Frameworks */,
			);
			sourceTree = "<group>";
		};
		4C42C2E627443BD800BC6592 /* Products */ = {
			isa = PBXGroup;
			children = (
				4C42C2E527443BD800BC6592 /* swifty-companion.app */,
			);
			name = Products;
			sourceTree = "<group>";
		};
		4C42C2E727443BD800BC6592 /* swifty-companion */ = {
			isa = PBXGroup;
			children = (
				20C7EFC52833EBDB00578AE6 /* Entity */,
				20435F4F2854F5780018D8E7 /* Views */,
				20435F4A2854EC330018D8E7 /* Resources */,
				20C7EFBE2833CBEC00578AE6 /* NetworkService */,
				20C7EF7928318F2E00578AE6 /* Profile */,
				20C7EF7828318F1F00578AE6 /* Search */,
				4C42C2E827443BD800BC6592 /* AppDelegate.swift */,
				4CA2810327458E150067A6E7 /* intra_font.otf */,
				2006CBBD2809865400689AE8 /* photo.png */,
				4CA2810127458A140067A6E7 /* sign_in.png */,
				4C42C2EA27443BD900BC6592 /* SceneDelegate.swift */,
				4C42C2F127443BDC00BC6592 /* Assets.xcassets */,
				20435F542854FEE10018D8E7 /* answers.png */,
				4C42C2F627443BDC00BC6592 /* Info.plist */,
				20CE9BEB2838321000AF6766 /* UIColor+Extension.swift */,
			);
			path = "swifty-companion";
			sourceTree = "<group>";
		};
		516A63C22CC584266B7AB546 /* Frameworks */ = {
			isa = PBXGroup;
			children = (
				3301E5BCC6D07447507C6920 /* Pods_swifty_companion.framework */,
			);
			name = Frameworks;
			sourceTree = "<group>";
		};
		BED6DF4B3FAC56D9957376EE /* Pods */ = {
			isa = PBXGroup;
			children = (
				EC31A933447D82860A89552D /* Pods-swifty-companion.debug.xcconfig */,
				60CB17F679ACA97181BA5CCE /* Pods-swifty-companion.release.xcconfig */,
			);
			path = Pods;
			sourceTree = "<group>";
		};
/* End PBXGroup section */

/* Begin PBXNativeTarget section */
		4C42C2E427443BD800BC6592 /* swifty-companion */ = {
			isa = PBXNativeTarget;
			buildConfigurationList = 4C42C2F927443BDC00BC6592 /* Build configuration list for PBXNativeTarget "swifty-companion" */;
			buildPhases = (
				7765E6FF9CE7C1FD1EEABDFD /* [CP] Check Pods Manifest.lock */,
				4C42C2E127443BD800BC6592 /* Sources */,
				4C42C2E227443BD800BC6592 /* Frameworks */,
				4C42C2E327443BD800BC6592 /* Resources */,
				F080362A1E057C8C8143415D /* [CP] Embed Pods Frameworks */,
			);
			buildRules = (
			);
			dependencies = (
			);
			name = "swifty-companion";
			packageProductDependencies = (
				20C7EFAF2832B1F300578AE6 /* OAuth2 */,
			);
			productName = "swifty-companion";
			productReference = 4C42C2E527443BD800BC6592 /* swifty-companion.app */;
			productType = "com.apple.product-type.application";
		};
/* End PBXNativeTarget section */

/* Begin PBXProject section */
		4C42C2DD27443BD800BC6592 /* Project object */ = {
			isa = PBXProject;
			attributes = {
				BuildIndependentTargetsInParallel = 1;
				LastSwiftUpdateCheck = 1310;
				LastUpgradeCheck = 1310;
				TargetAttributes = {
					4C42C2E427443BD800BC6592 = {
						CreatedOnToolsVersion = 13.1;
					};
				};
			};
			buildConfigurationList = 4C42C2E027443BD800BC6592 /* Build configuration list for PBXProject "swifty-companion" */;
			compatibilityVersion = "Xcode 13.0";
			developmentRegion = en;
			hasScannedForEncodings = 0;
			knownRegions = (
				en,
				Base,
			);
			mainGroup = 4C42C2DC27443BD800BC6592;
			packageReferences = (
				20C7EFAE2832B1F300578AE6 /* XCRemoteSwiftPackageReference "OAuth2" */,
			);
			productRefGroup = 4C42C2E627443BD800BC6592 /* Products */;
			projectDirPath = "";
			projectRoot = "";
			targets = (
				4C42C2E427443BD800BC6592 /* swifty-companion */,
			);
		};
/* End PBXProject section */

/* Begin PBXResourcesBuildPhase section */
		4C42C2E327443BD800BC6592 /* Resources */ = {
			isa = PBXResourcesBuildPhase;
			buildActionMask = 2147483647;
			files = (
				20435F4C2854EC3D0018D8E7 /* search-contacts.png in Resources */,
				20435F492854E6160018D8E7 /* search-contacts.png in Resources */,
				2006CBBE2809865400689AE8 /* photo.png in Resources */,
				4CA2810427458E150067A6E7 /* intra_font.otf in Resources */,
				4CA2810227458A140067A6E7 /* sign_in.png in Resources */,
				4CA28100274586D00067A6E7 /* background.jpeg in Resources */,
				4C42C2F227443BDC00BC6592 /* Assets.xcassets in Resources */,
				20435F552854FEE10018D8E7 /* answers.png in Resources */,
				4CA2810627458EDC0067A6E7 /* intra_logo.png in Resources */,
			);
			runOnlyForDeploymentPostprocessing = 0;
		};
/* End PBXResourcesBuildPhase section */

/* Begin PBXShellScriptBuildPhase section */
		7765E6FF9CE7C1FD1EEABDFD /* [CP] Check Pods Manifest.lock */ = {
			isa = PBXShellScriptBuildPhase;
			buildActionMask = 2147483647;
			files = (
			);
			inputFileListPaths = (
			);
			inputPaths = (
				"${PODS_PODFILE_DIR_PATH}/Podfile.lock",
				"${PODS_ROOT}/Manifest.lock",
			);
			name = "[CP] Check Pods Manifest.lock";
			outputFileListPaths = (
			);
			outputPaths = (
				"$(DERIVED_FILE_DIR)/Pods-swifty-companion-checkManifestLockResult.txt",
			);
			runOnlyForDeploymentPostprocessing = 0;
			shellPath = /bin/sh;
			shellScript = "diff \"${PODS_PODFILE_DIR_PATH}/Podfile.lock\" \"${PODS_ROOT}/Manifest.lock\" > /dev/null\nif [ $? != 0 ] ; then\n    # print error to STDERR\n    echo \"error: The sandbox is not in sync with the Podfile.lock. Run 'pod install' or update your CocoaPods installation.\" >&2\n    exit 1\nfi\n# This output is used by Xcode 'outputs' to avoid re-running this script phase.\necho \"SUCCESS\" > \"${SCRIPT_OUTPUT_FILE_0}\"\n";
			showEnvVarsInLog = 0;
		};
		F080362A1E057C8C8143415D /* [CP] Embed Pods Frameworks */ = {
			isa = PBXShellScriptBuildPhase;
			buildActionMask = 2147483647;
			files = (
			);
			inputFileListPaths = (
				"${PODS_ROOT}/Target Support Files/Pods-swifty-companion/Pods-swifty-companion-frameworks-${CONFIGURATION}-input-files.xcfilelist",
			);
			name = "[CP] Embed Pods Frameworks";
			outputFileListPaths = (
				"${PODS_ROOT}/Target Support Files/Pods-swifty-companion/Pods-swifty-companion-frameworks-${CONFIGURATION}-output-files.xcfilelist",
			);
			runOnlyForDeploymentPostprocessing = 0;
			shellPath = /bin/sh;
			shellScript = "\"${PODS_ROOT}/Target Support Files/Pods-swifty-companion/Pods-swifty-companion-frameworks.sh\"\n";
			showEnvVarsInLog = 0;
		};
/* End PBXShellScriptBuildPhase section */

/* Begin PBXSourcesBuildPhase section */
		4C42C2E127443BD800BC6592 /* Sources */ = {
			isa = PBXSourcesBuildPhase;
			buildActionMask = 2147483647;
			files = (
				20C7EFA5283196F500578AE6 /* ProfileBuilderProtocols.swift in Sources */,
				20435F4E2854F4170018D8E7 /* TabBarController.swift in Sources */,
				20C7EF9D283196A700578AE6 /* ProfileRouterProtocols.swift in Sources */,
				20C7EFAB2831972800578AE6 /* ProfileViewController.swift in Sources */,
				20435F5A285526610018D8E7 /* Event.swift in Sources */,
				20C7EF882831903B00578AE6 /* SearchRouter.swift in Sources */,
				20C7EF8E2831908400578AE6 /* SearchInteractorProtocols.swift in Sources */,
				20C7EFA92831971400578AE6 /* ProfileViewProtocols.swift in Sources */,
				4C42C2ED27443BD900BC6592 /* SearchViewController.swift in Sources */,
				20C7EFA1283196D700578AE6 /* ProfileInteractorProtocols.swift in Sources */,
				20435F58285525BD0018D8E7 /* TableViewCell.swift in Sources */,
				20C7EFC02833CC0F00578AE6 /* NetworkRequest.swift in Sources */,
				20C7EF90283190A900578AE6 /* SearchBuilder.swift in Sources */,
				20C7EFC42833D28A00578AE6 /* NetworkService.swift in Sources */,
				20C7EFC22833D27E00578AE6 /* NetworkServiceProtocol.swift in Sources */,
				20C7EF92283190BB00578AE6 /* SearchBuilderProtocols.swift in Sources */,
				20C7EF9F283196B600578AE6 /* ProfileRouter.swift in Sources */,
				20C7EF8C2831907300578AE6 /* SearchInteractor.swift in Sources */,
				20CE9BEC2838321000AF6766 /* UIColor+Extension.swift in Sources */,
				20435F512854F59D0018D8E7 /* EvalViewController.swift in Sources */,
				4C42C2E927443BD800BC6592 /* AppDelegate.swift in Sources */,
				20C7EF7B28318F6D00578AE6 /* SearchPresenter.swift in Sources */,
				4C42C2EB27443BD900BC6592 /* SceneDelegate.swift in Sources */,
				20C7EFA72831970200578AE6 /* ProfileBuilder.swift in Sources */,
				20C7EFAD2831973400578AE6 /* ProfilePresenter.swift in Sources */,
				20C7EF94283190DF00578AE6 /* SearchViewProtocols.swift in Sources */,
				20C7EFA3283196E400578AE6 /* ProfileInteractor.swift in Sources */,
				20435F532854F6970018D8E7 /* EventsViewController.swift in Sources */,
				20435F3F2854CC410018D8E7 /* Student.swift in Sources */,
				20C7EF8A2831905000578AE6 /* SearchRouterProtocols.swift in Sources */,
			);
			runOnlyForDeploymentPostprocessing = 0;
		};
/* End PBXSourcesBuildPhase section */

/* Begin XCBuildConfiguration section */
		4C42C2F727443BDC00BC6592 /* Debug */ = {
			isa = XCBuildConfiguration;
			buildSettings = {
				ALWAYS_SEARCH_USER_PATHS = NO;
				CLANG_ANALYZER_NONNULL = YES;
				CLANG_ANALYZER_NUMBER_OBJECT_CONVERSION = YES_AGGRESSIVE;
				CLANG_CXX_LANGUAGE_STANDARD = "gnu++17";
				CLANG_CXX_LIBRARY = "libc++";
				CLANG_ENABLE_MODULES = YES;
				CLANG_ENABLE_OBJC_ARC = YES;
				CLANG_ENABLE_OBJC_WEAK = YES;
				CLANG_WARN_BLOCK_CAPTURE_AUTORELEASING = YES;
				CLANG_WARN_BOOL_CONVERSION = YES;
				CLANG_WARN_COMMA = YES;
				CLANG_WARN_CONSTANT_CONVERSION = YES;
				CLANG_WARN_DEPRECATED_OBJC_IMPLEMENTATIONS = YES;
				CLANG_WARN_DIRECT_OBJC_ISA_USAGE = YES_ERROR;
				CLANG_WARN_DOCUMENTATION_COMMENTS = YES;
				CLANG_WARN_EMPTY_BODY = YES;
				CLANG_WARN_ENUM_CONVERSION = YES;
				CLANG_WARN_INFINITE_RECURSION = YES;
				CLANG_WARN_INT_CONVERSION = YES;
				CLANG_WARN_NON_LITERAL_NULL_CONVERSION = YES;
				CLANG_WARN_OBJC_IMPLICIT_RETAIN_SELF = YES;
				CLANG_WARN_OBJC_LITERAL_CONVERSION = YES;
				CLANG_WARN_OBJC_ROOT_CLASS = YES_ERROR;
				CLANG_WARN_QUOTED_INCLUDE_IN_FRAMEWORK_HEADER = YES;
				CLANG_WARN_RANGE_LOOP_ANALYSIS = YES;
				CLANG_WARN_STRICT_PROTOTYPES = YES;
				CLANG_WARN_SUSPICIOUS_MOVE = YES;
				CLANG_WARN_UNGUARDED_AVAILABILITY = YES_AGGRESSIVE;
				CLANG_WARN_UNREACHABLE_CODE = YES;
				CLANG_WARN__DUPLICATE_METHOD_MATCH = YES;
				COPY_PHASE_STRIP = NO;
				DEBUG_INFORMATION_FORMAT = dwarf;
				ENABLE_STRICT_OBJC_MSGSEND = YES;
				ENABLE_TESTABILITY = YES;
				GCC_C_LANGUAGE_STANDARD = gnu11;
				GCC_DYNAMIC_NO_PIC = NO;
				GCC_NO_COMMON_BLOCKS = YES;
				GCC_OPTIMIZATION_LEVEL = 0;
				GCC_PREPROCESSOR_DEFINITIONS = (
					"DEBUG=1",
					"$(inherited)",
				);
				GCC_WARN_64_TO_32_BIT_CONVERSION = YES;
				GCC_WARN_ABOUT_RETURN_TYPE = YES_ERROR;
				GCC_WARN_UNDECLARED_SELECTOR = YES;
				GCC_WARN_UNINITIALIZED_AUTOS = YES_AGGRESSIVE;
				GCC_WARN_UNUSED_FUNCTION = YES;
				GCC_WARN_UNUSED_VARIABLE = YES;
				IPHONEOS_DEPLOYMENT_TARGET = 15.0;
				MTL_ENABLE_DEBUG_INFO = INCLUDE_SOURCE;
				MTL_FAST_MATH = YES;
				ONLY_ACTIVE_ARCH = YES;
				SDKROOT = iphoneos;
				SWIFT_ACTIVE_COMPILATION_CONDITIONS = DEBUG;
				SWIFT_OPTIMIZATION_LEVEL = "-Onone";
			};
			name = Debug;
		};
		4C42C2F827443BDC00BC6592 /* Release */ = {
			isa = XCBuildConfiguration;
			buildSettings = {
				ALWAYS_SEARCH_USER_PATHS = NO;
				CLANG_ANALYZER_NONNULL = YES;
				CLANG_ANALYZER_NUMBER_OBJECT_CONVERSION = YES_AGGRESSIVE;
				CLANG_CXX_LANGUAGE_STANDARD = "gnu++17";
				CLANG_CXX_LIBRARY = "libc++";
				CLANG_ENABLE_MODULES = YES;
				CLANG_ENABLE_OBJC_ARC = YES;
				CLANG_ENABLE_OBJC_WEAK = YES;
				CLANG_WARN_BLOCK_CAPTURE_AUTORELEASING = YES;
				CLANG_WARN_BOOL_CONVERSION = YES;
				CLANG_WARN_COMMA = YES;
				CLANG_WARN_CONSTANT_CONVERSION = YES;
				CLANG_WARN_DEPRECATED_OBJC_IMPLEMENTATIONS = YES;
				CLANG_WARN_DIRECT_OBJC_ISA_USAGE = YES_ERROR;
				CLANG_WARN_DOCUMENTATION_COMMENTS = YES;
				CLANG_WARN_EMPTY_BODY = YES;
				CLANG_WARN_ENUM_CONVERSION = YES;
				CLANG_WARN_INFINITE_RECURSION = YES;
				CLANG_WARN_INT_CONVERSION = YES;
				CLANG_WARN_NON_LITERAL_NULL_CONVERSION = YES;
				CLANG_WARN_OBJC_IMPLICIT_RETAIN_SELF = YES;
				CLANG_WARN_OBJC_LITERAL_CONVERSION = YES;
				CLANG_WARN_OBJC_ROOT_CLASS = YES_ERROR;
				CLANG_WARN_QUOTED_INCLUDE_IN_FRAMEWORK_HEADER = YES;
				CLANG_WARN_RANGE_LOOP_ANALYSIS = YES;
				CLANG_WARN_STRICT_PROTOTYPES = YES;
				CLANG_WARN_SUSPICIOUS_MOVE = YES;
				CLANG_WARN_UNGUARDED_AVAILABILITY = YES_AGGRESSIVE;
				CLANG_WARN_UNREACHABLE_CODE = YES;
				CLANG_WARN__DUPLICATE_METHOD_MATCH = YES;
				COPY_PHASE_STRIP = NO;
				DEBUG_INFORMATION_FORMAT = "dwarf-with-dsym";
				ENABLE_NS_ASSERTIONS = NO;
				ENABLE_STRICT_OBJC_MSGSEND = YES;
				GCC_C_LANGUAGE_STANDARD = gnu11;
				GCC_NO_COMMON_BLOCKS = YES;
				GCC_WARN_64_TO_32_BIT_CONVERSION = YES;
				GCC_WARN_ABOUT_RETURN_TYPE = YES_ERROR;
				GCC_WARN_UNDECLARED_SELECTOR = YES;
				GCC_WARN_UNINITIALIZED_AUTOS = YES_AGGRESSIVE;
				GCC_WARN_UNUSED_FUNCTION = YES;
				GCC_WARN_UNUSED_VARIABLE = YES;
				IPHONEOS_DEPLOYMENT_TARGET = 15.0;
				MTL_ENABLE_DEBUG_INFO = NO;
				MTL_FAST_MATH = YES;
				SDKROOT = iphoneos;
				SWIFT_COMPILATION_MODE = wholemodule;
				SWIFT_OPTIMIZATION_LEVEL = "-O";
				VALIDATE_PRODUCT = YES;
			};
			name = Release;
		};
		4C42C2FA27443BDC00BC6592 /* Debug */ = {
			isa = XCBuildConfiguration;
			baseConfigurationReference = EC31A933447D82860A89552D /* Pods-swifty-companion.debug.xcconfig */;
			buildSettings = {
				ASSETCATALOG_COMPILER_APPICON_NAME = AppIcon;
				ASSETCATALOG_COMPILER_GLOBAL_ACCENT_COLOR_NAME = AccentColor;
				CODE_SIGN_STYLE = Automatic;
				CURRENT_PROJECT_VERSION = 1;
				DEVELOPMENT_TEAM = HJCU52M8R6;
				GENERATE_INFOPLIST_FILE = YES;
				INFOPLIST_FILE = "swifty-companion/Info.plist";
				INFOPLIST_KEY_UIApplicationSupportsIndirectInputEvents = YES;
				INFOPLIST_KEY_UILaunchStoryboardName = "";
				INFOPLIST_KEY_UISupportedInterfaceOrientations_iPad = "UIInterfaceOrientationPortrait UIInterfaceOrientationPortraitUpsideDown UIInterfaceOrientationLandscapeLeft UIInterfaceOrientationLandscapeRight";
				INFOPLIST_KEY_UISupportedInterfaceOrientations_iPhone = "UIInterfaceOrientationPortrait UIInterfaceOrientationLandscapeLeft UIInterfaceOrientationLandscapeRight";
				LD_RUNPATH_SEARCH_PATHS = (
					"$(inherited)",
					"@executable_path/Frameworks",
				);
				MARKETING_VERSION = 1.0;
				PRODUCT_BUNDLE_IDENTIFIER = "-.swifty-companion";
				PRODUCT_NAME = "$(TARGET_NAME)";
				SWIFT_EMIT_LOC_STRINGS = YES;
				SWIFT_VERSION = 5.0;
				TARGETED_DEVICE_FAMILY = "1,2";
			};
			name = Debug;
		};
		4C42C2FB27443BDC00BC6592 /* Release */ = {
			isa = XCBuildConfiguration;
			baseConfigurationReference = 60CB17F679ACA97181BA5CCE /* Pods-swifty-companion.release.xcconfig */;
			buildSettings = {
				ASSETCATALOG_COMPILER_APPICON_NAME = AppIcon;
				ASSETCATALOG_COMPILER_GLOBAL_ACCENT_COLOR_NAME = AccentColor;
				CODE_SIGN_STYLE = Automatic;
				CURRENT_PROJECT_VERSION = 1;
				DEVELOPMENT_TEAM = HJCU52M8R6;
				GENERATE_INFOPLIST_FILE = YES;
				INFOPLIST_FILE = "swifty-companion/Info.plist";
				INFOPLIST_KEY_UIApplicationSupportsIndirectInputEvents = YES;
				INFOPLIST_KEY_UILaunchStoryboardName = "";
				INFOPLIST_KEY_UISupportedInterfaceOrientations_iPad = "UIInterfaceOrientationPortrait UIInterfaceOrientationPortraitUpsideDown UIInterfaceOrientationLandscapeLeft UIInterfaceOrientationLandscapeRight";
				INFOPLIST_KEY_UISupportedInterfaceOrientations_iPhone = "UIInterfaceOrientationPortrait UIInterfaceOrientationLandscapeLeft UIInterfaceOrientationLandscapeRight";
				LD_RUNPATH_SEARCH_PATHS = (
					"$(inherited)",
					"@executable_path/Frameworks",
				);
				MARKETING_VERSION = 1.0;
				PRODUCT_BUNDLE_IDENTIFIER = "-.swifty-companion";
				PRODUCT_NAME = "$(TARGET_NAME)";
				SWIFT_EMIT_LOC_STRINGS = YES;
				SWIFT_VERSION = 5.0;
				TARGETED_DEVICE_FAMILY = "1,2";
			};
			name = Release;
		};
/* End XCBuildConfiguration section */

/* Begin XCConfigurationList section */
		4C42C2E027443BD800BC6592 /* Build configuration list for PBXProject "swifty-companion" */ = {
			isa = XCConfigurationList;
			buildConfigurations = (
				4C42C2F727443BDC00BC6592 /* Debug */,
				4C42C2F827443BDC00BC6592 /* Release */,
			);
			defaultConfigurationIsVisible = 0;
			defaultConfigurationName = Release;
		};
		4C42C2F927443BDC00BC6592 /* Build configuration list for PBXNativeTarget "swifty-companion" */ = {
			isa = XCConfigurationList;
			buildConfigurations = (
				4C42C2FA27443BDC00BC6592 /* Debug */,
				4C42C2FB27443BDC00BC6592 /* Release */,
			);
			defaultConfigurationIsVisible = 0;
			defaultConfigurationName = Release;
		};
/* End XCConfigurationList section */

/* Begin XCRemoteSwiftPackageReference section */
		20C7EFAE2832B1F300578AE6 /* XCRemoteSwiftPackageReference "OAuth2" */ = {
			isa = XCRemoteSwiftPackageReference;
			repositoryURL = "https://github.com/p2/OAuth2.git";
			requirement = {
				kind = upToNextMajorVersion;
				minimumVersion = 5.0.0;
			};
		};
/* End XCRemoteSwiftPackageReference section */

/* Begin XCSwiftPackageProductDependency section */
		20C7EFAF2832B1F300578AE6 /* OAuth2 */ = {
			isa = XCSwiftPackageProductDependency;
			package = 20C7EFAE2832B1F300578AE6 /* XCRemoteSwiftPackageReference "OAuth2" */;
			productName = OAuth2;
		};
/* End XCSwiftPackageProductDependency section */
	};
	rootObject = 4C42C2DD27443BD800BC6592 /* Project object */;
}
